// !$*UTF8*$!
{
	archiveVersion = 1;
	classes = {
	};
	objectVersion = 46;
	objects = {

/* Begin PBXBuildFile section */
		BBCA8752142FA0640060738B /* Foundation.framework in Frameworks */ = {isa = PBXBuildFile; fileRef = BBCA8751142FA0640060738B /* Foundation.framework */; };
		BBCA875F142FA2230060738B /* ExtensionLifecycle.m in Sources */ = {isa = PBXBuildFile; fileRef = BBCA875E142FA2230060738B /* ExtensionLifecycle.m */; };
		BBCA8761142FA24D0060738B /* ExtensionContextLifecycle.m in Sources */ = {isa = PBXBuildFile; fileRef = BBCA8760142FA24D0060738B /* ExtensionContextLifecycle.m */; };
		BBCA8763142FA25F0060738B /* ExtensionContextLifecycle.h in Headers */ = {isa = PBXBuildFile; fileRef = BBCA8762142FA25F0060738B /* ExtensionContextLifecycle.h */; };
		BBCA8765142FA4670060738B /* ExtensionFunctions.m in Sources */ = {isa = PBXBuildFile; fileRef = BBCA8764142FA4670060738B /* ExtensionFunctions.m */; };
		BBCA8767142FA4730060738B /* ExtensionFunctions.h in Headers */ = {isa = PBXBuildFile; fileRef = BBCA8766142FA4730060738B /* ExtensionFunctions.h */; };
		BBCA876A142FA86E0060738B /* ExtensionLifecycle.h in Headers */ = {isa = PBXBuildFile; fileRef = BBCA8769142FA86E0060738B /* ExtensionLifecycle.h */; };
		BBCA876C142FA8E30060738B /* libNAH_B2D.a in CopyFiles */ = {isa = PBXBuildFile; fileRef = BBCA874E142FA0640060738B /* libNAH_B2D.a */; };
/* End PBXBuildFile section */

/* Begin PBXCopyFilesBuildPhase section */
		BBCA876B142FA8C90060738B /* CopyFiles */ = {
			isa = PBXCopyFilesBuildPhase;
			buildActionMask = 2147483647;
			dstPath = $SRCROOT/bin/$CONFIGURATION;
			dstSubfolderSpec = 0;
			files = (
				BBCA876C142FA8E30060738B /* libNAH_B2D.a in CopyFiles */,
			);
			runOnlyForDeploymentPostprocessing = 0;
		};
/* End PBXCopyFilesBuildPhase section */

/* Begin PBXFileReference section */
		BBCA874E142FA0640060738B /* libNAH_B2D.a */ = {isa = PBXFileReference; explicitFileType = archive.ar; includeInIndex = 0; path = libNAH_B2D.a; sourceTree = BUILT_PRODUCTS_DIR; };
		BBCA8751142FA0640060738B /* Foundation.framework */ = {isa = PBXFileReference; lastKnownFileType = wrapper.framework; name = Foundation.framework; path = System/Library/Frameworks/Foundation.framework; sourceTree = SDKROOT; };
		BBCA8755142FA0640060738B /* NAH_B2D-Prefix.pch */ = {isa = PBXFileReference; lastKnownFileType = sourcecode.c.h; path = "NAH_B2D-Prefix.pch"; sourceTree = "<group>"; };
		BBCA875E142FA2230060738B /* ExtensionLifecycle.m */ = {isa = PBXFileReference; fileEncoding = 4; lastKnownFileType = sourcecode.c.objc; path = ExtensionLifecycle.m; sourceTree = "<group>"; };
		BBCA8760142FA24D0060738B /* ExtensionContextLifecycle.m */ = {isa = PBXFileReference; fileEncoding = 4; lastKnownFileType = sourcecode.c.objc; path = ExtensionContextLifecycle.m; sourceTree = "<group>"; };
		BBCA8762142FA25F0060738B /* ExtensionContextLifecycle.h */ = {isa = PBXFileReference; fileEncoding = 4; lastKnownFileType = sourcecode.c.h; path = ExtensionContextLifecycle.h; sourceTree = "<group>"; };
		BBCA8764142FA4670060738B /* ExtensionFunctions.m */ = {isa = PBXFileReference; fileEncoding = 4; lastKnownFileType = sourcecode.c.objc; path = ExtensionFunctions.m; sourceTree = "<group>"; };
		BBCA8766142FA4730060738B /* ExtensionFunctions.h */ = {isa = PBXFileReference; fileEncoding = 4; lastKnownFileType = sourcecode.c.h; path = ExtensionFunctions.h; sourceTree = "<group>"; };
		BBCA8769142FA86E0060738B /* ExtensionLifecycle.h */ = {isa = PBXFileReference; fileEncoding = 4; lastKnownFileType = sourcecode.c.h; path = ExtensionLifecycle.h; sourceTree = "<group>"; };
/* End PBXFileReference section */

/* Begin PBXFrameworksBuildPhase section */
		BBCA874B142FA0640060738B /* Frameworks */ = {
			isa = PBXFrameworksBuildPhase;
			buildActionMask = 2147483647;
			files = (
				BBCA8752142FA0640060738B /* Foundation.framework in Frameworks */,
			);
			runOnlyForDeploymentPostprocessing = 0;
		};
/* End PBXFrameworksBuildPhase section */

/* Begin PBXGroup section */
		BBCA8743142FA0640060738B = {
			isa = PBXGroup;
			children = (
				BBCA8753142FA0640060738B /* NAH_B2D */,
				BBCA8750142FA0640060738B /* Frameworks */,
				BBCA874F142FA0640060738B /* Products */,
			);
			sourceTree = "<group>";
		};
		BBCA874F142FA0640060738B /* Products */ = {
			isa = PBXGroup;
			children = (
				BBCA874E142FA0640060738B /* libNAH_B2D.a */,
			);
			name = Products;
			sourceTree = "<group>";
		};
		BBCA8750142FA0640060738B /* Frameworks */ = {
			isa = PBXGroup;
			children = (
				BBCA8751142FA0640060738B /* Foundation.framework */,
			);
			name = Frameworks;
			sourceTree = "<group>";
		};
		BBCA8753142FA0640060738B /* NAH_B2D */ = {
			isa = PBXGroup;
			children = (
				BBCA8768142FA4920060738B /* Extension Interface */,
				BBCA8754142FA0640060738B /* Supporting Files */,
			);
			path = NAH_B2D;
			sourceTree = "<group>";
		};
		BBCA8754142FA0640060738B /* Supporting Files */ = {
			isa = PBXGroup;
			children = (
				BBCA8755142FA0640060738B /* NAH_B2D-Prefix.pch */,
			);
			name = "Supporting Files";
			sourceTree = "<group>";
		};
		BBCA8768142FA4920060738B /* Extension Interface */ = {
			isa = PBXGroup;
			children = (
				BBCA875E142FA2230060738B /* ExtensionLifecycle.m */,
				BBCA8769142FA86E0060738B /* ExtensionLifecycle.h */,
				BBCA8760142FA24D0060738B /* ExtensionContextLifecycle.m */,
				BBCA8762142FA25F0060738B /* ExtensionContextLifecycle.h */,
				BBCA8764142FA4670060738B /* ExtensionFunctions.m */,
				BBCA8766142FA4730060738B /* ExtensionFunctions.h */,
			);
			name = "Extension Interface";
			sourceTree = "<group>";
		};
/* End PBXGroup section */

/* Begin PBXHeadersBuildPhase section */
		BBCA874C142FA0640060738B /* Headers */ = {
			isa = PBXHeadersBuildPhase;
			buildActionMask = 2147483647;
			files = (
				BBCA8763142FA25F0060738B /* ExtensionContextLifecycle.h in Headers */,
				BBCA8767142FA4730060738B /* ExtensionFunctions.h in Headers */,
				BBCA876A142FA86E0060738B /* ExtensionLifecycle.h in Headers */,
			);
			runOnlyForDeploymentPostprocessing = 0;
		};
/* End PBXHeadersBuildPhase section */

/* Begin PBXNativeTarget section */
		BBCA874D142FA0640060738B /* NAH_B2D */ = {
			isa = PBXNativeTarget;
			buildConfigurationList = BBCA875B142FA0640060738B /* Build configuration list for PBXNativeTarget "NAH_B2D" */;
			buildPhases = (
				BBCA874A142FA0640060738B /* Sources */,
				BBCA874B142FA0640060738B /* Frameworks */,
				BBCA874C142FA0640060738B /* Headers */,
				BBCA876B142FA8C90060738B /* CopyFiles */,
			);
			buildRules = (
			);
			dependencies = (
			);
			name = NAH_B2D;
			productName = NAH_B2D;
			productReference = BBCA874E142FA0640060738B /* libNAH_B2D.a */;
			productType = "com.apple.product-type.library.static";
		};
/* End PBXNativeTarget section */

/* Begin PBXProject section */
		BBCA8745142FA0640060738B /* Project object */ = {
			isa = PBXProject;
			attributes = {
				ORGANIZATIONNAME = "Noise & Heat";
			};
			buildConfigurationList = BBCA8748142FA0640060738B /* Build configuration list for PBXProject "NAH_B2D" */;
			compatibilityVersion = "Xcode 3.2";
			developmentRegion = English;
			hasScannedForEncodings = 0;
			knownRegions = (
				en,
			);
			mainGroup = BBCA8743142FA0640060738B;
			productRefGroup = BBCA874F142FA0640060738B /* Products */;
			projectDirPath = "";
			projectRoot = "";
			targets = (
				BBCA874D142FA0640060738B /* NAH_B2D */,
			);
		};
/* End PBXProject section */

/* Begin PBXSourcesBuildPhase section */
		BBCA874A142FA0640060738B /* Sources */ = {
			isa = PBXSourcesBuildPhase;
			buildActionMask = 2147483647;
			files = (
				BBCA875F142FA2230060738B /* ExtensionLifecycle.m in Sources */,
				BBCA8761142FA24D0060738B /* ExtensionContextLifecycle.m in Sources */,
				BBCA8765142FA4670060738B /* ExtensionFunctions.m in Sources */,
			);
			runOnlyForDeploymentPostprocessing = 0;
		};
/* End PBXSourcesBuildPhase section */

/* Begin XCBuildConfiguration section */
		BBCA8759142FA0640060738B /* Debug */ = {
			isa = XCBuildConfiguration;
			buildSettings = {
				ALWAYS_SEARCH_USER_PATHS = NO;
				ARCHS = "$(ARCHS_STANDARD_32_BIT)";
				COPY_PHASE_STRIP = NO;
				GCC_C_LANGUAGE_STANDARD = gnu99;
				GCC_DYNAMIC_NO_PIC = NO;
				GCC_OPTIMIZATION_LEVEL = 0;
				GCC_PREPROCESSOR_DEFINITIONS = (
					"DEBUG=1",
					"$(inherited)",
				);
				GCC_SYMBOLS_PRIVATE_EXTERN = NO;
				GCC_VERSION = com.apple.compilers.llvmgcc42;
				GCC_WARN_ABOUT_MISSING_PROTOTYPES = YES;
				GCC_WARN_ABOUT_RETURN_TYPE = YES;
				GCC_WARN_UNUSED_VARIABLE = YES;
				IPHONEOS_DEPLOYMENT_TARGET = 4.3;
				SDKROOT = iphoneos;
			};
			name = Debug;
		};
		BBCA875A142FA0640060738B /* Release */ = {
			isa = XCBuildConfiguration;
			buildSettings = {
				ALWAYS_SEARCH_USER_PATHS = NO;
				ARCHS = "$(ARCHS_STANDARD_32_BIT)";
				COPY_PHASE_STRIP = YES;
				GCC_C_LANGUAGE_STANDARD = gnu99;
				GCC_VERSION = com.apple.compilers.llvmgcc42;
				GCC_WARN_ABOUT_MISSING_PROTOTYPES = YES;
				GCC_WARN_ABOUT_RETURN_TYPE = YES;
				GCC_WARN_UNUSED_VARIABLE = YES;
				IPHONEOS_DEPLOYMENT_TARGET = 4.3;
				SDKROOT = iphoneos;
				VALIDATE_PRODUCT = YES;
			};
			name = Release;
		};
		BBCA875C142FA0640060738B /* Debug */ = {
			isa = XCBuildConfiguration;
			buildSettings = {
				DSTROOT = /tmp/NAH_B2D.dst;
				GCC_PRECOMPILE_PREFIX_HEADER = YES;
				GCC_PREFIX_HEADER = "NAH_B2D/NAH_B2D-Prefix.pch";
				OTHER_LDFLAGS = "-ObjC";
				PRODUCT_NAME = "$(TARGET_NAME)";
				SKIP_INSTALL = YES;
				USER_HEADER_SEARCH_PATHS = ../../include;
			};
			name = Debug;
		};
		BBCA875D142FA0640060738B /* Release */ = {
			isa = XCBuildConfiguration;
			buildSettings = {
				DSTROOT = /tmp/NAH_B2D.dst;
				GCC_PRECOMPILE_PREFIX_HEADER = YES;
				GCC_PREFIX_HEADER = "NAH_B2D/NAH_B2D-Prefix.pch";
				OTHER_LDFLAGS = "-ObjC";
				PRODUCT_NAME = "$(TARGET_NAME)";
				SKIP_INSTALL = YES;
				USER_HEADER_SEARCH_PATHS = ../../include;
			};
			name = Release;
		};
/* End XCBuildConfiguration section */

/* Begin XCConfigurationList section */
		BBCA8748142FA0640060738B /* Build configuration list for PBXProject "NAH_B2D" */ = {
			isa = XCConfigurationList;
			buildConfigurations = (
				BBCA8759142FA0640060738B /* Debug */,
				BBCA875A142FA0640060738B /* Release */,
			);
			defaultConfigurationIsVisible = 0;
			defaultConfigurationName = Release;
		};
		BBCA875B142FA0640060738B /* Build configuration list for PBXNativeTarget "NAH_B2D" */ = {
			isa = XCConfigurationList;
			buildConfigurations = (
				BBCA875C142FA0640060738B /* Debug */,
				BBCA875D142FA0640060738B /* Release */,
			);
			defaultConfigurationIsVisible = 0;
		};
/* End XCConfigurationList section */
	};
	rootObject = BBCA8745142FA0640060738B /* Project object */;
}
